
Microsoft Visual Studio Solution File, Format Version 12.00
# Visual Studio 15
VisualStudioVersion = 15.0.26730.15
MinimumVisualStudioVersion = 10.0.40219.1
Project("{FAE04EC0-301F-11D3-BF4B-00C04F79EFBC}") = "SimpleDarts", "SimpleDarts\SimpleDarts.csproj", "{EAAB62DD-EDCE-4CED-9C06-D0497FF14FF9}"
EndProject
Project("{FAE04EC0-301F-11D3-BF4B-00C04F79EFBC}") = "Darts", "Darts\Darts.csproj", "{5FC66FEE-6FE2-43BD-A5A2-5041FE3B5602}"
EndProject
Global
	GlobalSection(SolutionConfigurationPlatforms) = preSolution
		Debug|Any CPU = Debug|Any CPU
		Release|Any CPU = Release|Any CPU
	EndGlobalSection
	GlobalSection(ProjectConfigurationPlatforms) = postSolution
		{EAAB62DD-EDCE-4CED-9C06-D0497FF14FF9}.Debug|Any CPU.ActiveCfg = Debug|Any CPU
		{EAAB62DD-EDCE-4CED-9C06-D0497FF14FF9}.Debug|Any CPU.Build.0 = Debug|Any CPU
		{EAAB62DD-EDCE-4CED-9C06-D0497FF14FF9}.Release|Any CPU.ActiveCfg = Release|Any CPU
		{EAAB62DD-EDCE-4CED-9C06-D0497FF14FF9}.Release|Any CPU.Build.0 = Release|Any CPU
		{5FC66FEE-6FE2-43BD-A5A2-5041FE3B5602}.Debug|Any CPU.ActiveCfg = Debug|Any CPU
		{5FC66FEE-6FE2-43BD-A5A2-5041FE3B5602}.Debug|Any CPU.Build.0 = Debug|Any CPU
		{5FC66FEE-6FE2-43BD-A5A2-5041FE3B5602}.Release|Any CPU.ActiveCfg = Release|Any CPU
		{5FC66FEE-6FE2-43BD-A5A2-5041FE3B5602}.Release|Any CPU.Build.0 = Release|Any CPU
	EndGlobalSection
	GlobalSection(SolutionProperties) = preSolution
		HideSolutionNode = FALSE
	EndGlobalSection
	GlobalSection(ExtensibilityGlobals) = postSolution
		SolutionGuid = {375B2E2F-8713-40B6-B525-C45654140B2C}
	EndGlobalSection
EndGlobal
