
Microsoft Visual Studio Solution File, Format Version 12.00
# Visual Studio 15
VisualStudioVersion = 15.0.26730.12
MinimumVisualStudioVersion = 10.0.40219.1
Project("{FAE04EC0-301F-11D3-BF4B-00C04F79EFBC}") = "MyWebPage2", "MyWebPage2\MyWebPage2.csproj", "{5B0D5C86-4E8D-4FE2-8084-6BC5DBD6FBCB}"
EndProject
Global
	GlobalSection(SolutionConfigurationPlatforms) = preSolution
		Debug|Any CPU = Debug|Any CPU
		Release|Any CPU = Release|Any CPU
	EndGlobalSection
	GlobalSection(ProjectConfigurationPlatforms) = postSolution
		{5B0D5C86-4E8D-4FE2-8084-6BC5DBD6FBCB}.Debug|Any CPU.ActiveCfg = Debug|Any CPU
		{5B0D5C86-4E8D-4FE2-8084-6BC5DBD6FBCB}.Debug|Any CPU.Build.0 = Debug|Any CPU
		{5B0D5C86-4E8D-4FE2-8084-6BC5DBD6FBCB}.Release|Any CPU.ActiveCfg = Release|Any CPU
		{5B0D5C86-4E8D-4FE2-8084-6BC5DBD6FBCB}.Release|Any CPU.Build.0 = Release|Any CPU
	EndGlobalSection
	GlobalSection(SolutionProperties) = preSolution
		HideSolutionNode = FALSE
	EndGlobalSection
	GlobalSection(ExtensibilityGlobals) = postSolution
		SolutionGuid = {F79E03D3-77EC-4D1D-8646-3E213C8AA3D8}
	EndGlobalSection
EndGlobal
